
Microsoft Visual Studio Solution File, Format Version 12.00
# Visual Studio Version 16
VisualStudioVersion = 16.0.32510.428
MinimumVisualStudioVersion = 10.0.40219.1
Project("{FAE04EC0-301F-11D3-BF4B-00C04F79EFBC}") = "CSH_Projekt", "CSH_Projekt.csproj", "{0C171460-1911-4916-8E05-8F638A21836B}"
EndProject
Global
	GlobalSection(SolutionConfigurationPlatforms) = preSolution
		Debug|Any CPU = Debug|Any CPU
		Release|Any CPU = Release|Any CPU
	EndGlobalSection
	GlobalSection(ProjectConfigurationPlatforms) = postSolution
		{0C171460-1911-4916-8E05-8F638A21836B}.Debug|Any CPU.ActiveCfg = Debug|Any CPU
		{0C171460-1911-4916-8E05-8F638A21836B}.Debug|Any CPU.Build.0 = Debug|Any CPU
		{0C171460-1911-4916-8E05-8F638A21836B}.Release|Any CPU.ActiveCfg = Release|Any CPU
		{0C171460-1911-4916-8E05-8F638A21836B}.Release|Any CPU.Build.0 = Release|Any CPU
	EndGlobalSection
	GlobalSection(SolutionProperties) = preSolution
		HideSolutionNode = FALSE
	EndGlobalSection
	GlobalSection(ExtensibilityGlobals) = postSolution
		SolutionGuid = {B07B2786-A177-4615-B206-6CA55C84ED24}
	EndGlobalSection
EndGlobal
